
Microsoft Visual Studio Solution File, Format Version 12.00
# Visual Studio Version 16
VisualStudioVersion = 16.0.31205.134
MinimumVisualStudioVersion = 10.0.40219.1
Project("{9A19103F-16F7-4668-BE54-9A1E7A4F7556}") = "SampleJsonGenerator", "SampleJsonGenerator\SampleJsonGenerator.csproj", "{FA8B17A3-226C-4172-8B11-D4611163548F}"
EndProject
Project("{2150E333-8FDC-42A3-9474-1A3956D46DE8}") = "JsonExample", "JsonExample", "{9F839F6E-40B6-4907-B3C8-F32101EA2041}"
EndProject
Project("{9A19103F-16F7-4668-BE54-9A1E7A4F7556}") = "JsonExampleSenarios", "JsonExampleSenarios\JsonExampleSenarios.csproj", "{A577DED4-2A33-4105-97D1-ADD0FD573626}"
EndProject
Project("{2150E333-8FDC-42A3-9474-1A3956D46DE8}") = "WebAPI", "WebAPI", "{2788E614-F905-4509-B161-F5A9744A1CF1}"
EndProject
Project("{9A19103F-16F7-4668-BE54-9A1E7A4F7556}") = "WebApp.SampleRESTAPI", "WebApp.SampleRESTAPI\WebApp.SampleRESTAPI.csproj", "{52DF57EE-4523-4777-9E57-0CF5E9900A3F}"
EndProject
Project("{2150E333-8FDC-42A3-9474-1A3956D46DE8}") = "WebAPIClientExample", "WebAPIClientExample", "{62826C11-3221-4452-BA5D-92BC3E4B5D9F}"
EndProject
Project("{9A19103F-16F7-4668-BE54-9A1E7A4F7556}") = "Movies.API", "Movies.API\Movies.API.csproj", "{CED9F2E9-8760-485A-96AD-8842257E0D62}"
EndProject
Project("{9A19103F-16F7-4668-BE54-9A1E7A4F7556}") = "Movies.Client", "Movies.Client\Movies.Client.csproj", "{8E2F04EB-E807-41FA-91D4-2F57C1B3528C}"
EndProject
Global
	GlobalSection(SolutionConfigurationPlatforms) = preSolution
		Debug|Any CPU = Debug|Any CPU
		Release|Any CPU = Release|Any CPU
	EndGlobalSection
	GlobalSection(ProjectConfigurationPlatforms) = postSolution
		{FA8B17A3-226C-4172-8B11-D4611163548F}.Debug|Any CPU.ActiveCfg = Debug|Any CPU
		{FA8B17A3-226C-4172-8B11-D4611163548F}.Debug|Any CPU.Build.0 = Debug|Any CPU
		{FA8B17A3-226C-4172-8B11-D4611163548F}.Release|Any CPU.ActiveCfg = Release|Any CPU
		{FA8B17A3-226C-4172-8B11-D4611163548F}.Release|Any CPU.Build.0 = Release|Any CPU
		{A577DED4-2A33-4105-97D1-ADD0FD573626}.Debug|Any CPU.ActiveCfg = Debug|Any CPU
		{A577DED4-2A33-4105-97D1-ADD0FD573626}.Debug|Any CPU.Build.0 = Debug|Any CPU
		{A577DED4-2A33-4105-97D1-ADD0FD573626}.Release|Any CPU.ActiveCfg = Release|Any CPU
		{A577DED4-2A33-4105-97D1-ADD0FD573626}.Release|Any CPU.Build.0 = Release|Any CPU
		{52DF57EE-4523-4777-9E57-0CF5E9900A3F}.Debug|Any CPU.ActiveCfg = Debug|Any CPU
		{52DF57EE-4523-4777-9E57-0CF5E9900A3F}.Debug|Any CPU.Build.0 = Debug|Any CPU
		{52DF57EE-4523-4777-9E57-0CF5E9900A3F}.Release|Any CPU.ActiveCfg = Release|Any CPU
		{52DF57EE-4523-4777-9E57-0CF5E9900A3F}.Release|Any CPU.Build.0 = Release|Any CPU
		{CED9F2E9-8760-485A-96AD-8842257E0D62}.Debug|Any CPU.ActiveCfg = Debug|Any CPU
		{CED9F2E9-8760-485A-96AD-8842257E0D62}.Debug|Any CPU.Build.0 = Debug|Any CPU
		{CED9F2E9-8760-485A-96AD-8842257E0D62}.Release|Any CPU.ActiveCfg = Release|Any CPU
		{CED9F2E9-8760-485A-96AD-8842257E0D62}.Release|Any CPU.Build.0 = Release|Any CPU
		{8E2F04EB-E807-41FA-91D4-2F57C1B3528C}.Debug|Any CPU.ActiveCfg = Debug|Any CPU
		{8E2F04EB-E807-41FA-91D4-2F57C1B3528C}.Debug|Any CPU.Build.0 = Debug|Any CPU
		{8E2F04EB-E807-41FA-91D4-2F57C1B3528C}.Release|Any CPU.ActiveCfg = Release|Any CPU
		{8E2F04EB-E807-41FA-91D4-2F57C1B3528C}.Release|Any CPU.Build.0 = Release|Any CPU
	EndGlobalSection
	GlobalSection(SolutionProperties) = preSolution
		HideSolutionNode = FALSE
	EndGlobalSection
	GlobalSection(NestedProjects) = preSolution
		{FA8B17A3-226C-4172-8B11-D4611163548F} = {9F839F6E-40B6-4907-B3C8-F32101EA2041}
		{A577DED4-2A33-4105-97D1-ADD0FD573626} = {9F839F6E-40B6-4907-B3C8-F32101EA2041}
		{52DF57EE-4523-4777-9E57-0CF5E9900A3F} = {2788E614-F905-4509-B161-F5A9744A1CF1}
		{CED9F2E9-8760-485A-96AD-8842257E0D62} = {62826C11-3221-4452-BA5D-92BC3E4B5D9F}
		{8E2F04EB-E807-41FA-91D4-2F57C1B3528C} = {62826C11-3221-4452-BA5D-92BC3E4B5D9F}
	EndGlobalSection
	GlobalSection(ExtensibilityGlobals) = postSolution
		SolutionGuid = {0E8B11C2-3963-43A3-BD8B-84D40B449463}
	EndGlobalSection
EndGlobal
